<?xml version="1.0" encoding="utf-8"?>
<Project ToolsVersion="4.0" xmlns="http://schemas.microsoft.com/developer/msbuild/2003">
  <ItemGroup>
    <Filter Include="Source Files">
      <UniqueIdentifier>{4FC737F1-C7A5-4376-A066-2A32D752A2FF}</UniqueIdentifier>
      <Extensions>cpp;c;cc;cxx;def;odl;idl;hpj;bat;asm;asmx</Extensions>
    </Filter>
    <Filter Include="Source Files\Application">
      <UniqueIdentifier>{4a324388-bea8-423a-bc50-ccdf2fef915c}</UniqueIdentifier>
    </Filter>
    <Filter Include="Source Files\Interface">
      <UniqueIdentifier>{c6bd3f9c-d667-48a1-8aae-154a5de4c711}</UniqueIdentifier>
    </Filter>
    <Filter Include="Source Files\Configuration">
      <UniqueIdentifier>{d4ef3242-13cf-45e7-a434-bdabacf4a324}</UniqueIdentifier>
    </Filter>
    <Filter Include="Source Files\Arbre">
      <UniqueIdentifier>{7472a721-0254-4bca-944a-d230f0ffb5ea}</UniqueIdentifier>
    </Filter>
    <Filter Include="Source Files\Arbre\Usines">
      <UniqueIdentifier>{ad5ae0d0-5415-47db-a98a-9a074962b455}</UniqueIdentifier>
    </Filter>
    <Filter Include="Source Files\Arbre\Noeuds">
      <UniqueIdentifier>{673b2491-ee8e-448a-877c-dcffa5036e36}</UniqueIdentifier>
    </Filter>
    <Filter Include="Header Files">
      <UniqueIdentifier>{93995380-89BD-4b04-88EB-625FBE52EBFB}</UniqueIdentifier>
      <Extensions>h;hpp;hxx;hm;inl;inc;xsd</Extensions>
    </Filter>
    <Filter Include="Header Files\Application">
      <UniqueIdentifier>{c845f3fe-60ec-4b69-870e-1b94806be78e}</UniqueIdentifier>
    </Filter>
    <Filter Include="Header Files\Interface">
      <UniqueIdentifier>{6c8e2c48-de9f-4091-bc76-fed408577f6f}</UniqueIdentifier>
    </Filter>
    <Filter Include="Header Files\Configuration">
      <UniqueIdentifier>{737950f1-92e0-48cc-99df-484ed3bae29b}</UniqueIdentifier>
    </Filter>
    <Filter Include="Header Files\Arbre">
      <UniqueIdentifier>{824db547-4831-4bb7-b7f2-70d05299ed49}</UniqueIdentifier>
    </Filter>
    <Filter Include="Header Files\Arbre\Usines">
      <UniqueIdentifier>{2d7e83f6-88e0-4835-a145-53a4c662829e}</UniqueIdentifier>
    </Filter>
    <Filter Include="Header Files\Arbre\Noeuds">
      <UniqueIdentifier>{adf7252c-e0c2-4e7e-9194-a254f846e61d}</UniqueIdentifier>
    </Filter>
    <Filter Include="Resource Files">
      <UniqueIdentifier>{67DA6AB6-F800-4c08-8B7A-83BB121AAD01}</UniqueIdentifier>
      <Extensions>rc;ico;cur;bmp;dlg;rc2;rct;bin;rgs;gif;jpg;jpeg;jpe;resx;tiff;tif;png;wav</Extensions>
    </Filter>
    <Filter Include="Header Files\Tests">
      <UniqueIdentifier>{0dbbcffd-49b5-4878-a09c-22650c7a5093}</UniqueIdentifier>
    </Filter>
    <Filter Include="Source Files\Tests">
      <UniqueIdentifier>{d13df2a5-057c-4e3f-b7b4-d458ca9ae3b6}</UniqueIdentifier>
    </Filter>
    <Filter Include="Header Files\Collision">
      <UniqueIdentifier>{fb8be6a7-1b46-4c15-9ce0-c5819c0786a6}</UniqueIdentifier>
    </Filter>
    <Filter Include="Source Files\Collision">
      <UniqueIdentifier>{13bbe7ea-a117-4ff4-950d-08bd958cc530}</UniqueIdentifier>
    </Filter>
    <Filter Include="Header Files\Application\Souris_edition">
      <UniqueIdentifier>{0c18c6e7-c9a3-4804-a81c-120b67e96994}</UniqueIdentifier>
    </Filter>
    <Filter Include="Source Files\Application\Souris_edition">
      <UniqueIdentifier>{2de87a4d-ec79-4739-bb17-254ef9fb237d}</UniqueIdentifier>
    </Filter>
  </ItemGroup>
  <ItemGroup>
    <ClCompile Include="Application\FacadeModele.cpp">
      <Filter>Source Files\Application</Filter>
    </ClCompile>
    <ClCompile Include="Configuration\ConfigScene.cpp">
      <Filter>Source Files\Configuration</Filter>
    </ClCompile>
    <ClCompile Include="Arbre\ArbreRendu.cpp">
      <Filter>Source Files\Arbre</Filter>
    </ClCompile>
    <ClCompile Include="Arbre\ArbreRenduINF2990.cpp">
      <Filter>Source Files\Arbre</Filter>
    </ClCompile>
    <ClCompile Include="Arbre\Noeuds\NoeudComposite.cpp">
      <Filter>Source Files\Arbre\Noeuds</Filter>
    </ClCompile>
    <ClCompile Include="Arbre\Noeuds\NoeudAraignee.cpp">
      <Filter>Source Files\Arbre\Noeuds</Filter>
    </ClCompile>
    <ClCompile Include="Arbre\Noeuds\NoeudConeCube.cpp">
      <Filter>Source Files\Arbre\Noeuds</Filter>
    </ClCompile>
    <ClCompile Include="Tests\ConfigSceneTest.cpp">
      <Filter>Source Files\Tests</Filter>
    </ClCompile>
    <ClCompile Include="Tests\NoeudAbstraitTest.cpp">
      <Filter>Source Files\Tests</Filter>
    </ClCompile>
    <ClCompile Include="Tests\BancTests.cpp">
      <Filter>Source Files\Tests</Filter>
    </ClCompile>
    <ClCompile Include="Interface\FacadeInterfaceNative.cpp">
      <Filter>Source Files\Interface</Filter>
    </ClCompile>
    <ClCompile Include="NoeudRondelle.cpp">
      <Filter>Source Files\Arbre\Noeuds</Filter>
    </ClCompile>
    <ClCompile Include="NoeudMuret.cpp">
      <Filter>Source Files\Arbre\Noeuds</Filter>
    </ClCompile>
    <ClCompile Include="NoeudBonus.cpp">
      <Filter>Source Files\Arbre\Noeuds</Filter>
    </ClCompile>
    <ClCompile Include="NoeudMaillet.cpp">
      <Filter>Source Files\Arbre\Noeuds</Filter>
    </ClCompile>
    <ClCompile Include="NoeudPortail.cpp">
      <Filter>Source Files\Arbre\Noeuds</Filter>
    </ClCompile>
    <ClCompile Include="VisiteurDeplacement.cpp">
      <Filter>Source Files</Filter>
    </ClCompile>
    <ClCompile Include="VisiteurMiseEchelle.cpp">
      <Filter>Source Files</Filter>
    </ClCompile>
    <ClCompile Include="VisiteurRotation.cpp">
      <Filter>Source Files</Filter>
    </ClCompile>
    <ClCompile Include="VisiteurSelection.cpp">
      <Filter>Source Files</Filter>
    </ClCompile>
    <ClCompile Include="VisiteurAjout.cpp">
      <Filter>Source Files</Filter>
    </ClCompile>
    <ClCompile Include="Arbre\Noeuds\NoeudAbstrait.cpp">
      <Filter>Source Files\Arbre\Noeuds</Filter>
    </ClCompile>
    <ClCompile Include="Arbre\Noeuds\NoeudTable.cpp">
      <Filter>Source Files\Arbre\Noeuds</Filter>
    </ClCompile>
    <ClCompile Include="Arbre\Noeuds\NoeudPointControle.cpp">
      <Filter>Source Files\Arbre\Noeuds</Filter>
    </ClCompile>
    <ClCompile Include="VisiteurDuplication.cpp">
      <Filter>Source Files</Filter>
    </ClCompile>
    <ClCompile Include="VisiteurPointMilieu.cpp">
      <Filter>Source Files</Filter>
    </ClCompile>
    <ClCompile Include="BoiteCollision.cpp">
      <Filter>Source Files\Collision</Filter>
    </ClCompile>
    <ClCompile Include="VisiteurSauvegarde.cpp">
      <Filter>Source Files</Filter>
    </ClCompile>
    <ClCompile Include="SauvegardeZoneDeJeu.cpp">
      <Filter>Source Files</Filter>
    </ClCompile>
    <ClCompile Include="VisiteurDansLaTable.cpp">
      <Filter>Source Files</Filter>
    </ClCompile>
    <ClCompile Include="Application\AjoutAccelerateur.cpp">
      <Filter>Source Files\Application\Souris_edition</Filter>
    </ClCompile>
    <ClCompile Include="Application\AjoutMur.cpp">
      <Filter>Source Files\Application\Souris_edition</Filter>
    </ClCompile>
    <ClCompile Include="Application\AjoutPortail.cpp">
      <Filter>Source Files\Application\Souris_edition</Filter>
    </ClCompile>
    <ClCompile Include="Application\Deplacement.cpp">
      <Filter>Source Files\Application\Souris_edition</Filter>
    </ClCompile>
    <ClCompile Include="Application\Duplication.cpp">
      <Filter>Source Files\Application\Souris_edition</Filter>
    </ClCompile>
    <ClCompile Include="Application\Loupe.cpp">
      <Filter>Source Files\Application\Souris_edition</Filter>
    </ClCompile>
    <ClCompile Include="MiseEchelle.cpp">
      <Filter>Source Files\Application\Souris_edition</Filter>
    </ClCompile>
    <ClCompile Include="Application\PointsControle.cpp">
      <Filter>Source Files\Application\Souris_edition</Filter>
    </ClCompile>
    <ClCompile Include="Application\Rotation.cpp">
      <Filter>Source Files\Application\Souris_edition</Filter>
    </ClCompile>
    <ClCompile Include="Application\Selection.cpp">
      <Filter>Source Files\Application\Souris_edition</Filter>
    </ClCompile>
    <ClCompile Include="Application\Souris.cpp">
      <Filter>Source Files\Application\Souris_edition</Filter>
    </ClCompile>
    <ClCompile Include="Application\StrategieSouris.cpp">
      <Filter>Source Files\Application\Souris_edition</Filter>
    </ClCompile>
    <ClCompile Include="VisiteurCollision.cpp">
      <Filter>Source Files</Filter>
    </ClCompile>
  </ItemGroup>
  <ItemGroup>
    <ClInclude Include="Application\FacadeModele.h">
      <Filter>Header Files\Application</Filter>
    </ClInclude>
    <ClInclude Include="Configuration\ConfigScene.h">
      <Filter>Header Files\Configuration</Filter>
    </ClInclude>
    <ClInclude Include="Arbre\ArbreRendu.h">
      <Filter>Header Files\Arbre</Filter>
    </ClInclude>
    <ClInclude Include="Arbre\ArbreRenduINF2990.h">
      <Filter>Header Files\Arbre</Filter>
    </ClInclude>
    <ClInclude Include="Arbre\Usines\UsineNoeud.h">
      <Filter>Header Files\Arbre\Usines</Filter>
    </ClInclude>
    <ClInclude Include="Arbre\Noeuds\NoeudAbstrait.h">
      <Filter>Header Files\Arbre\Noeuds</Filter>
    </ClInclude>
    <ClInclude Include="Arbre\Noeuds\NoeudComposite.h">
      <Filter>Header Files\Arbre\Noeuds</Filter>
    </ClInclude>
    <ClInclude Include="Arbre\Noeuds\NoeudAraignee.h">
      <Filter>Header Files\Arbre\Noeuds</Filter>
    </ClInclude>
    <ClInclude Include="Arbre\Noeuds\NoeudConeCube.h">
      <Filter>Header Files\Arbre\Noeuds</Filter>
    </ClInclude>
    <ClInclude Include="Tests\ConfigSceneTest.h">
      <Filter>Header Files\Tests</Filter>
    </ClInclude>
    <ClInclude Include="Tests\NoeudAbstraitTest.h">
      <Filter>Header Files\Tests</Filter>
    </ClInclude>
    <ClInclude Include="Tests\BancTests.h">
      <Filter>Header Files\Tests</Filter>
    </ClInclude>
    <ClInclude Include="Interface\FacadeInterfaceNative.h">
      <Filter>Header Files\Interface</Filter>
    </ClInclude>
    <ClInclude Include="Arbre\Noeuds\NoeudTypes.h">
      <Filter>Header Files\Arbre\Noeuds</Filter>
    </ClInclude>
    <ClInclude Include="NoeudBonus.h">
      <Filter>Header Files\Arbre\Noeuds</Filter>
    </ClInclude>
    <ClInclude Include="NoeudPortail.h">
      <Filter>Header Files\Arbre\Noeuds</Filter>
    </ClInclude>
    <ClInclude Include="NoeudMaillet.h">
      <Filter>Header Files\Arbre\Noeuds</Filter>
    </ClInclude>
    <ClInclude Include="NoeudMuret.h">
      <Filter>Header Files\Arbre\Noeuds</Filter>
    </ClInclude>
    <ClInclude Include="NoeudRondelle.h">
      <Filter>Header Files\Arbre\Noeuds</Filter>
    </ClInclude>
    <ClInclude Include="Visiteur.h">
      <Filter>Header Files</Filter>
    </ClInclude>
    <ClInclude Include="VisiteurDeplacement.h">
      <Filter>Header Files</Filter>
    </ClInclude>
    <ClInclude Include="VisiteurMiseEchelle.h">
      <Filter>Header Files</Filter>
    </ClInclude>
    <ClInclude Include="VisiteurRotation.h">
      <Filter>Header Files</Filter>
    </ClInclude>
    <ClInclude Include="VisiteurSelection.h">
      <Filter>Header Files</Filter>
    </ClInclude>
    <ClInclude Include="VisiteurAjout.h">
      <Filter>Header Files</Filter>
    </ClInclude>
    <ClInclude Include="Arbre\Noeuds\NoeudTable.h">
      <Filter>Header Files\Arbre\Noeuds</Filter>
    </ClInclude>
    <ClInclude Include="BoiteCollisionAbstraite.h">
      <Filter>Header Files\Collision</Filter>
    </ClInclude>
    <ClInclude Include="BoiteCollision.h">
      <Filter>Header Files\Collision</Filter>
    </ClInclude>
    <ClInclude Include="Arbre\Noeuds\NoeudPointControle.h">
      <Filter>Header Files\Arbre\Noeuds</Filter>
    </ClInclude>
    <ClInclude Include="Arbre\Noeuds\Couleurs.h">
      <Filter>Header Files\Arbre\Noeuds</Filter>
    </ClInclude>
    <ClInclude Include="VisiteurDuplication.h">
      <Filter>Header Files</Filter>
    </ClInclude>
    <ClInclude Include="VisiteurPointMilieu.h">
      <Filter>Header Files</Filter>
    </ClInclude>
    <ClInclude Include="VisiteurSauvegarde.h">
      <Filter>Header Files</Filter>
    </ClInclude>
    <ClInclude Include="SauvegardeZoneDeJeu.h">
      <Filter>Header Files</Filter>
    </ClInclude>
    <ClInclude Include="VisiteurDansLaTable.h">
      <Filter>Header Files</Filter>
    </ClInclude>
    <ClInclude Include="Application\AjoutAccelerateur.h">
      <Filter>Header Files\Application\Souris_edition</Filter>
    </ClInclude>
    <ClInclude Include="Application\AjoutMur.h">
      <Filter>Header Files\Application\Souris_edition</Filter>
    </ClInclude>
    <ClInclude Include="Application\AjoutPortail.h">
      <Filter>Header Files\Application\Souris_edition</Filter>
    </ClInclude>
    <ClInclude Include="Application\Deplacement.h">
      <Filter>Header Files\Application\Souris_edition</Filter>
    </ClInclude>
    <ClInclude Include="Application\Duplication.h">
      <Filter>Header Files\Application\Souris_edition</Filter>
    </ClInclude>
    <ClInclude Include="Application\Loupe.h">
      <Filter>Header Files\Application\Souris_edition</Filter>
    </ClInclude>
    <ClInclude Include="MiseEchelle.h">
      <Filter>Header Files\Application\Souris_edition</Filter>
    </ClInclude>
    <ClInclude Include="Application\PointsControle.h">
      <Filter>Header Files\Application\Souris_edition</Filter>
    </ClInclude>
    <ClInclude Include="Application\Rotation.h">
      <Filter>Header Files\Application\Souris_edition</Filter>
    </ClInclude>
    <ClInclude Include="Application\Selection.h">
      <Filter>Header Files\Application\Souris_edition</Filter>
    </ClInclude>
    <ClInclude Include="Application\Souris.h">
      <Filter>Header Files\Application\Souris_edition</Filter>
    </ClInclude>
    <ClInclude Include="Application\StrategieSouris.h">
      <Filter>Header Files\Application\Souris_edition</Filter>
    </ClInclude>
    <ClInclude Include="Affichage_debuggage.h">
      <Filter>Header Files\Application</Filter>
    </ClInclude>
    <ClInclude Include="VisiteurCollision.h">
      <Filter>Header Files</Filter>
    </ClInclude>
  </ItemGroup>
</Project>